
Microsoft Visual Studio Solution File, Format Version 12.00
# Visual Studio Version 16
VisualStudioVersion = 16.0.30621.155
MinimumVisualStudioVersion = 10.0.40219.1
Project("{FAE04EC0-301F-11D3-BF4B-00C04F79EFBC}") = "Task_2", "Task_2.csproj", "{642537DB-1B92-4C7D-AC95-BF7A5FD1AFCE}"
EndProject
Global
	GlobalSection(SolutionConfigurationPlatforms) = preSolution
		Debug|Any CPU = Debug|Any CPU
		Release|Any CPU = Release|Any CPU
	EndGlobalSection
	GlobalSection(ProjectConfigurationPlatforms) = postSolution
		{642537DB-1B92-4C7D-AC95-BF7A5FD1AFCE}.Debug|Any CPU.ActiveCfg = Debug|Any CPU
		{642537DB-1B92-4C7D-AC95-BF7A5FD1AFCE}.Debug|Any CPU.Build.0 = Debug|Any CPU
		{642537DB-1B92-4C7D-AC95-BF7A5FD1AFCE}.Release|Any CPU.ActiveCfg = Release|Any CPU
		{642537DB-1B92-4C7D-AC95-BF7A5FD1AFCE}.Release|Any CPU.Build.0 = Release|Any CPU
	EndGlobalSection
	GlobalSection(SolutionProperties) = preSolution
		HideSolutionNode = FALSE
	EndGlobalSection
	GlobalSection(ExtensibilityGlobals) = postSolution
		SolutionGuid = {CAC30226-C034-47A3-BA29-83108EE77360}
	EndGlobalSection
EndGlobal
